
Microsoft Visual Studio Solution File, Format Version 12.00
# Visual Studio Version 17
VisualStudioVersion = 17.3.32825.248
MinimumVisualStudioVersion = 10.0.40219.1
Project("{FAE04EC0-301F-11D3-BF4B-00C04F79EFBC}") = "Class2", "Class2\Class2.csproj", "{AFA230E9-C9FC-4A95-A152-E487249A30B9}"
EndProject
Project("{FAE04EC0-301F-11D3-BF4B-00C04F79EFBC}") = "Home2", "Home1\Home2.csproj", "{47971D1B-2C4D-4821-8E4E-63E530BCD49E}"
EndProject
Global
	GlobalSection(SolutionConfigurationPlatforms) = preSolution
		Debug|Any CPU = Debug|Any CPU
		Release|Any CPU = Release|Any CPU
	EndGlobalSection
	GlobalSection(ProjectConfigurationPlatforms) = postSolution
		{AFA230E9-C9FC-4A95-A152-E487249A30B9}.Debug|Any CPU.ActiveCfg = Debug|Any CPU
		{AFA230E9-C9FC-4A95-A152-E487249A30B9}.Debug|Any CPU.Build.0 = Debug|Any CPU
		{AFA230E9-C9FC-4A95-A152-E487249A30B9}.Release|Any CPU.ActiveCfg = Release|Any CPU
		{AFA230E9-C9FC-4A95-A152-E487249A30B9}.Release|Any CPU.Build.0 = Release|Any CPU
		{47971D1B-2C4D-4821-8E4E-63E530BCD49E}.Debug|Any CPU.ActiveCfg = Debug|Any CPU
		{47971D1B-2C4D-4821-8E4E-63E530BCD49E}.Debug|Any CPU.Build.0 = Debug|Any CPU
		{47971D1B-2C4D-4821-8E4E-63E530BCD49E}.Release|Any CPU.ActiveCfg = Release|Any CPU
		{47971D1B-2C4D-4821-8E4E-63E530BCD49E}.Release|Any CPU.Build.0 = Release|Any CPU
	EndGlobalSection
	GlobalSection(SolutionProperties) = preSolution
		HideSolutionNode = FALSE
	EndGlobalSection
	GlobalSection(ExtensibilityGlobals) = postSolution
		SolutionGuid = {88D7F59F-0D28-4778-99DC-FB8A7A8744CA}
	EndGlobalSection
EndGlobal
